{
  "name": "mihoy",
  "version": "0.0.6",
  "lockfileVersion": 3,
  "requires": true,
  "packages": {
    "": {
      "name": "mihoy",
      "version": "0.0.6",
      "license": "MIT",
      "bin": {
        "mihoy": "scripts/bin.js"
      },
      "engines": {
        "node": ">=18.0.0"
      }
    }
  }
}
